{
  "name": "nyc-report-lcov-absolute",
  "version": "1.0.0",
  "lockfileVersion": 1,
  "requires": true,
  "dependencies": {
    "has-flag": {
      "version": "4.0.0",
      "resolved": "https://devops.bt.siemens.com/artifactory/api/npm/npm-all/has-flag/-/has-flag-4.0.0.tgz",
      "integrity": "sha1-lEdx/ZyByBJlxNaUGGDaBrtZR5s=",
      "dev": true
    },
    "html-escaper": {
      "version": "2.0.0",
      "resolved": "https://devops.bt.siemens.com/artifactory/api/npm/npm-all/html-escaper/-/html-escaper-2.0.0.tgz",
      "integrity": "sha1-ceh/kx3j/gnlZmGrmimq3scHtJE=",
      "dev": true
    },
    "istanbul-lib-coverage": {
      "version": "3.0.0",
      "resolved": "https://devops.bt.siemens.com/artifactory/api/npm/npm-all/istanbul-lib-coverage/-/istanbul-lib-coverage-3.0.0.tgz",
      "integrity": "sha1-9ZRKN8cLVQsCp4pcOyBVsoDOyOw=",
      "dev": true
    },
    "istanbul-lib-report": {
      "version": "3.0.0",
      "resolved": "https://devops.bt.siemens.com/artifactory/api/npm/npm-all/istanbul-lib-report/-/istanbul-lib-report-3.0.0.tgz",
      "integrity": "sha1-dRj+UupE3jcvRgp2tezan/tz2KY=",
      "dev": true,
      "requires": {
        "istanbul-lib-coverage": "^3.0.0",
        "make-dir": "^3.0.0",
        "supports-color": "^7.1.0"
      }
    },
    "istanbul-reports": {
      "version": "3.0.0",
      "resolved": "https://devops.bt.siemens.com/artifactory/api/npm/npm-all/istanbul-reports/-/istanbul-reports-3.0.0.tgz",
      "integrity": "sha1-1NFtA125lYG2GU4Rm782yWPF63A=",
      "dev": true,
      "requires": {
        "html-escaper": "^2.0.0",
        "istanbul-lib-report": "^3.0.0"
      }
    },
    "make-dir": {
      "version": "3.0.2",
      "resolved": "https://devops.bt.siemens.com/artifactory/api/npm/npm-all/make-dir/-/make-dir-3.0.2.tgz",
      "integrity": "sha1-BKGsvyIiHh1u9DVZ9D4FqQ27Q5I=",
      "dev": true,
      "requires": {
        "semver": "^6.0.0"
      }
    },
    "semver": {
      "version": "6.3.0",
      "resolved": "https://devops.bt.siemens.com/artifactory/api/npm/npm-all/semver/-/semver-6.3.0.tgz",
      "integrity": "sha1-7gpkyK9ejO6mdoexM3YeG+y9HT0=",
      "dev": true
    },
    "supports-color": {
      "version": "7.1.0",
      "resolved": "https://devops.bt.siemens.com/artifactory/api/npm/npm-all/supports-color/-/supports-color-7.1.0.tgz",
      "integrity": "sha1-aOMlkd9z4lrRxLSRCKLsUHliv9E=",
      "dev": true,
      "requires": {
        "has-flag": "^4.0.0"
      }
    }
  }
}
